{
  "name": "xpell-node-test-module",
  "version": "1.0.0",
  "lockfileVersion": 2,
  "requires": true,
  "packages": {
    "": {
      "name": "xpell-node-test-module",
      "version": "1.0.0",
      "license": "ISC",
      "dependencies": {
        "xpell-node": "^0.0.55"
      }
    },
    "node_modules/xpell-node": {
      "version": "0.0.55",
      "resolved": "https://registry.npmjs.org/xpell-node/-/xpell-node-0.0.55.tgz",
      "integrity": "sha512-ZmxmctldsQPTy333L3+As7Ls/I88YP3YrDf5bkSoDTtLQvyTah0orT/j8CsHtlp4RqkVGrSC8St0E1RCPOk8aQ==",
      "engines": {
        "node": ">=14.0.0"
      }
    }
  },
  "dependencies": {
    "xpell-node": {
      "version": "0.0.55",
      "resolved": "https://registry.npmjs.org/xpell-node/-/xpell-node-0.0.55.tgz",
      "integrity": "sha512-ZmxmctldsQPTy333L3+As7Ls/I88YP3YrDf5bkSoDTtLQvyTah0orT/j8CsHtlp4RqkVGrSC8St0E1RCPOk8aQ=="
    }
  }
}
